// !$*UTF8*$!
{
	archiveVersion = 1;
	classes = {
	};
	objectVersion = 48;
	objects = {

/* Begin PBXBuildFile section */
		F4245596207FF56A00D26212 /* AppDelegate.swift in Sources */ = {isa = PBXBuildFile; fileRef = F4245595207FF56A00D26212 /* AppDelegate.swift */; };
		F4245598207FF56A00D26212 /* ViewController.swift in Sources */ = {isa = PBXBuildFile; fileRef = F4245597207FF56A00D26212 /* ViewController.swift */; };
		F424559B207FF56A00D26212 /* Main.storyboard in Resources */ = {isa = PBXBuildFile; fileRef = F4245599207FF56A00D26212 /* Main.storyboard */; };
		F424559D207FF56A00D26212 /* Assets.xcassets in Resources */ = {isa = PBXBuildFile; fileRef = F424559C207FF56A00D26212 /* Assets.xcassets */; };
		F42455A0207FF56A00D26212 /* LaunchScreen.storyboard in Resources */ = {isa = PBXBuildFile; fileRef = F424559E207FF56A00D26212 /* LaunchScreen.storyboard */; };
		F42455AB207FF56A00D26212 /* Salman01Tests.swift in Sources */ = {isa = PBXBuildFile; fileRef = F42455AA207FF56A00D26212 /* Salman01Tests.swift */; };
		F42455B6207FF56A00D26212 /* Salman01UITests.swift in Sources */ = {isa = PBXBuildFile; fileRef = F42455B5207FF56A00D26212 /* Salman01UITests.swift */; };
		F42455C4207FFAA300D26212 /* oneirokritis.jpg in Resources */ = {isa = PBXBuildFile; fileRef = F42455C3207FFAA300D26212 /* oneirokritis.jpg */; };
/* End PBXBuildFile section */

/* Begin PBXContainerItemProxy section */
		F42455A7207FF56A00D26212 /* PBXContainerItemProxy */ = {
			isa = PBXContainerItemProxy;
			containerPortal = F424558A207FF56A00D26212 /* Project object */;
			proxyType = 1;
			remoteGlobalIDString = F4245591207FF56A00D26212;
			remoteInfo = Salman01;
		};
		F42455B2207FF56A00D26212 /* PBXContainerItemProxy */ = {
			isa = PBXContainerItemProxy;
			containerPortal = F424558A207FF56A00D26212 /* Project object */;
			proxyType = 1;
			remoteGlobalIDString = F4245591207FF56A00D26212;
			remoteInfo = Salman01;
		};
/* End PBXContainerItemProxy section */

/* Begin PBXFileReference section */
		F4245592207FF56A00D26212 /* Salman01.app */ = {isa = PBXFileReference; explicitFileType = wrapper.application; includeInIndex = 0; path = Salman01.app; sourceTree = BUILT_PRODUCTS_DIR; };
		F4245595207FF56A00D26212 /* AppDelegate.swift */ = {isa = PBXFileReference; lastKnownFileType = sourcecode.swift; path = AppDelegate.swift; sourceTree = "<group>"; };
		F4245597207FF56A00D26212 /* ViewController.swift */ = {isa = PBXFileReference; lastKnownFileType = sourcecode.swift; path = ViewController.swift; sourceTree = "<group>"; };
		F424559A207FF56A00D26212 /* Base */ = {isa = PBXFileReference; lastKnownFileType = file.storyboard; name = Base; path = Base.lproj/Main.storyboard; sourceTree = "<group>"; };
		F424559C207FF56A00D26212 /* Assets.xcassets */ = {isa = PBXFileReference; lastKnownFileType = folder.assetcatalog; path = Assets.xcassets; sourceTree = "<group>"; };
		F424559F207FF56A00D26212 /* Base */ = {isa = PBXFileReference; lastKnownFileType = file.storyboard; name = Base; path = Base.lproj/LaunchScreen.storyboard; sourceTree = "<group>"; };
		F42455A1207FF56A00D26212 /* Info.plist */ = {isa = PBXFileReference; lastKnownFileType = text.plist.xml; path = Info.plist; sourceTree = "<group>"; };
		F42455A6207FF56A00D26212 /* Salman01Tests.xctest */ = {isa = PBXFileReference; explicitFileType = wrapper.cfbundle; includeInIndex = 0; path = Salman01Tests.xctest; sourceTree = BUILT_PRODUCTS_DIR; };
		F42455AA207FF56A00D26212 /* Salman01Tests.swift */ = {isa = PBXFileReference; lastKnownFileType = sourcecode.swift; path = Salman01Tests.swift; sourceTree = "<group>"; };
		F42455AC207FF56A00D26212 /* Info.plist */ = {isa = PBXFileReference; lastKnownFileType = text.plist.xml; path = Info.plist; sourceTree = "<group>"; };
		F42455B1207FF56A00D26212 /* Salman01UITests.xctest */ = {isa = PBXFileReference; explicitFileType = wrapper.cfbundle; includeInIndex = 0; path = Salman01UITests.xctest; sourceTree = BUILT_PRODUCTS_DIR; };
		F42455B5207FF56A00D26212 /* Salman01UITests.swift */ = {isa = PBXFileReference; lastKnownFileType = sourcecode.swift; path = Salman01UITests.swift; sourceTree = "<group>"; };
		F42455B7207FF56A00D26212 /* Info.plist */ = {isa = PBXFileReference; lastKnownFileType = text.plist.xml; path = Info.plist; sourceTree = "<group>"; };
		F42455C3207FFAA300D26212 /* oneirokritis.jpg */ = {isa = PBXFileReference; lastKnownFileType = image.jpeg; path = oneirokritis.jpg; sourceTree = "<group>"; };
/* End PBXFileReference section */

/* Begin PBXFrameworksBuildPhase section */
		F424558F207FF56A00D26212 /* Frameworks */ = {
			isa = PBXFrameworksBuildPhase;
			buildActionMask = 2147483647;
			files = (
			);
			runOnlyForDeploymentPostprocessing = 0;
		};
		F42455A3207FF56A00D26212 /* Frameworks */ = {
			isa = PBXFrameworksBuildPhase;
			buildActionMask = 2147483647;
			files = (
			);
			runOnlyForDeploymentPostprocessing = 0;
		};
		F42455AE207FF56A00D26212 /* Frameworks */ = {
			isa = PBXFrameworksBuildPhase;
			buildActionMask = 2147483647;
			files = (
			);
			runOnlyForDeploymentPostprocessing = 0;
		};
/* End PBXFrameworksBuildPhase section */

/* Begin PBXGroup section */
		F4245589207FF56A00D26212 = {
			isa = PBXGroup;
			children = (
				F4245594207FF56A00D26212 /* Salman01 */,
				F42455A9207FF56A00D26212 /* Salman01Tests */,
				F42455B4207FF56A00D26212 /* Salman01UITests */,
				F4245593207FF56A00D26212 /* Products */,
			);
			sourceTree = "<group>";
		};
		F4245593207FF56A00D26212 /* Products */ = {
			isa = PBXGroup;
			children = (
				F4245592207FF56A00D26212 /* Salman01.app */,
				F42455A6207FF56A00D26212 /* Salman01Tests.xctest */,
				F42455B1207FF56A00D26212 /* Salman01UITests.xctest */,
			);
			name = Products;
			sourceTree = "<group>";
		};
		F4245594207FF56A00D26212 /* Salman01 */ = {
			isa = PBXGroup;
			children = (
				F42455C3207FFAA300D26212 /* oneirokritis.jpg */,
				F4245595207FF56A00D26212 /* AppDelegate.swift */,
				F4245597207FF56A00D26212 /* ViewController.swift */,
				F4245599207FF56A00D26212 /* Main.storyboard */,
				F424559C207FF56A00D26212 /* Assets.xcassets */,
				F424559E207FF56A00D26212 /* LaunchScreen.storyboard */,
				F42455A1207FF56A00D26212 /* Info.plist */,
			);
			path = Salman01;
			sourceTree = "<group>";
		};
		F42455A9207FF56A00D26212 /* Salman01Tests */ = {
			isa = PBXGroup;
			children = (
				F42455AA207FF56A00D26212 /* Salman01Tests.swift */,
				F42455AC207FF56A00D26212 /* Info.plist */,
			);
			path = Salman01Tests;
			sourceTree = "<group>";
		};
		F42455B4207FF56A00D26212 /* Salman01UITests */ = {
			isa = PBXGroup;
			children = (
				F42455B5207FF56A00D26212 /* Salman01UITests.swift */,
				F42455B7207FF56A00D26212 /* Info.plist */,
			);
			path = Salman01UITests;
			sourceTree = "<group>";
		};
/* End PBXGroup section */

/* Begin PBXNativeTarget section */
		F4245591207FF56A00D26212 /* Salman01 */ = {
			isa = PBXNativeTarget;
			buildConfigurationList = F42455BA207FF56A00D26212 /* Build configuration list for PBXNativeTarget "Salman01" */;
			buildPhases = (
				F424558E207FF56A00D26212 /* Sources */,
				F424558F207FF56A00D26212 /* Frameworks */,
				F4245590207FF56A00D26212 /* Resources */,
			);
			buildRules = (
			);
			dependencies = (
			);
			name = Salman01;
			productName = Salman01;
			productReference = F4245592207FF56A00D26212 /* Salman01.app */;
			productType = "com.apple.product-type.application";
		};
		F42455A5207FF56A00D26212 /* Salman01Tests */ = {
			isa = PBXNativeTarget;
			buildConfigurationList = F42455BD207FF56A00D26212 /* Build configuration list for PBXNativeTarget "Salman01Tests" */;
			buildPhases = (
				F42455A2207FF56A00D26212 /* Sources */,
				F42455A3207FF56A00D26212 /* Frameworks */,
				F42455A4207FF56A00D26212 /* Resources */,
			);
			buildRules = (
			);
			dependencies = (
				F42455A8207FF56A00D26212 /* PBXTargetDependency */,
			);
			name = Salman01Tests;
			productName = Salman01Tests;
			productReference = F42455A6207FF56A00D26212 /* Salman01Tests.xctest */;
			productType = "com.apple.product-type.bundle.unit-test";
		};
		F42455B0207FF56A00D26212 /* Salman01UITests */ = {
			isa = PBXNativeTarget;
			buildConfigurationList = F42455C0207FF56A00D26212 /* Build configuration list for PBXNativeTarget "Salman01UITests" */;
			buildPhases = (
				F42455AD207FF56A00D26212 /* Sources */,
				F42455AE207FF56A00D26212 /* Frameworks */,
				F42455AF207FF56A00D26212 /* Resources */,
			);
			buildRules = (
			);
			dependencies = (
				F42455B3207FF56A00D26212 /* PBXTargetDependency */,
			);
			name = Salman01UITests;
			productName = Salman01UITests;
			productReference = F42455B1207FF56A00D26212 /* Salman01UITests.xctest */;
			productType = "com.apple.product-type.bundle.ui-testing";
		};
/* End PBXNativeTarget section */

/* Begin PBXProject section */
		F424558A207FF56A00D26212 /* Project object */ = {
			isa = PBXProject;
			attributes = {
				LastSwiftUpdateCheck = 0920;
				LastUpgradeCheck = 0930;
				ORGANIZATIONNAME = "leonidas sabanis";
				TargetAttributes = {
					F4245591207FF56A00D26212 = {
						CreatedOnToolsVersion = 9.2;
						ProvisioningStyle = Automatic;
					};
					F42455A5207FF56A00D26212 = {
						CreatedOnToolsVersion = 9.2;
						ProvisioningStyle = Automatic;
						TestTargetID = F4245591207FF56A00D26212;
					};
					F42455B0207FF56A00D26212 = {
						CreatedOnToolsVersion = 9.2;
						ProvisioningStyle = Automatic;
						TestTargetID = F4245591207FF56A00D26212;
					};
				};
			};
			buildConfigurationList = F424558D207FF56A00D26212 /* Build configuration list for PBXProject "Salman01" */;
			compatibilityVersion = "Xcode 8.0";
			developmentRegion = en;
			hasScannedForEncodings = 0;
			knownRegions = (
				en,
				Base,
			);
			mainGroup = F4245589207FF56A00D26212;
			productRefGroup = F4245593207FF56A00D26212 /* Products */;
			projectDirPath = "";
			projectRoot = "";
			targets = (
				F4245591207FF56A00D26212 /* Salman01 */,
				F42455A5207FF56A00D26212 /* Salman01Tests */,
				F42455B0207FF56A00D26212 /* Salman01UITests */,
			);
		};
/* End PBXProject section */

/* Begin PBXResourcesBuildPhase section */
		F4245590207FF56A00D26212 /* Resources */ = {
			isa = PBXResourcesBuildPhase;
			buildActionMask = 2147483647;
			files = (
				F42455A0207FF56A00D26212 /* LaunchScreen.storyboard in Resources */,
				F42455C4207FFAA300D26212 /* oneirokritis.jpg in Resources */,
				F424559D207FF56A00D26212 /* Assets.xcassets in Resources */,
				F424559B207FF56A00D26212 /* Main.storyboard in Resources */,
			);
			runOnlyForDeploymentPostprocessing = 0;
		};
		F42455A4207FF56A00D26212 /* Resources */ = {
			isa = PBXResourcesBuildPhase;
			buildActionMask = 2147483647;
			files = (
			);
			runOnlyForDeploymentPostprocessing = 0;
		};
		F42455AF207FF56A00D26212 /* Resources */ = {
			isa = PBXResourcesBuildPhase;
			buildActionMask = 2147483647;
			files = (
			);
			runOnlyForDeploymentPostprocessing = 0;
		};
/* End PBXResourcesBuildPhase section */

/* Begin PBXSourcesBuildPhase section */
		F424558E207FF56A00D26212 /* Sources */ = {
			isa = PBXSourcesBuildPhase;
			buildActionMask = 2147483647;
			files = (
				F4245598207FF56A00D26212 /* ViewController.swift in Sources */,
				F4245596207FF56A00D26212 /* AppDelegate.swift in Sources */,
			);
			runOnlyForDeploymentPostprocessing = 0;
		};
		F42455A2207FF56A00D26212 /* Sources */ = {
			isa = PBXSourcesBuildPhase;
			buildActionMask = 2147483647;
			files = (
				F42455AB207FF56A00D26212 /* Salman01Tests.swift in Sources */,
			);
			runOnlyForDeploymentPostprocessing = 0;
		};
		F42455AD207FF56A00D26212 /* Sources */ = {
			isa = PBXSourcesBuildPhase;
			buildActionMask = 2147483647;
			files = (
				F42455B6207FF56A00D26212 /* Salman01UITests.swift in Sources */,
			);
			runOnlyForDeploymentPostprocessing = 0;
		};
/* End PBXSourcesBuildPhase section */

/* Begin PBXTargetDependency section */
		F42455A8207FF56A00D26212 /* PBXTargetDependency */ = {
			isa = PBXTargetDependency;
			target = F4245591207FF56A00D26212 /* Salman01 */;
			targetProxy = F42455A7207FF56A00D26212 /* PBXContainerItemProxy */;
		};
		F42455B3207FF56A00D26212 /* PBXTargetDependency */ = {
			isa = PBXTargetDependency;
			target = F4245591207FF56A00D26212 /* Salman01 */;
			targetProxy = F42455B2207FF56A00D26212 /* PBXContainerItemProxy */;
		};
/* End PBXTargetDependency section */

/* Begin PBXVariantGroup section */
		F4245599207FF56A00D26212 /* Main.storyboard */ = {
			isa = PBXVariantGroup;
			children = (
				F424559A207FF56A00D26212 /* Base */,
			);
			name = Main.storyboard;
			sourceTree = "<group>";
		};
		F424559E207FF56A00D26212 /* LaunchScreen.storyboard */ = {
			isa = PBXVariantGroup;
			children = (
				F424559F207FF56A00D26212 /* Base */,
			);
			name = LaunchScreen.storyboard;
			sourceTree = "<group>";
		};
/* End PBXVariantGroup section */

/* Begin XCBuildConfiguration section */
		F42455B8207FF56A00D26212 /* Debug */ = {
			isa = XCBuildConfiguration;
			buildSettings = {
				ALWAYS_SEARCH_USER_PATHS = NO;
				CLANG_ANALYZER_NONNULL = YES;
				CLANG_ANALYZER_NUMBER_OBJECT_CONVERSION = YES_AGGRESSIVE;
				CLANG_CXX_LANGUAGE_STANDARD = "gnu++14";
				CLANG_CXX_LIBRARY = "libc++";
				CLANG_ENABLE_MODULES = YES;
				CLANG_ENABLE_OBJC_ARC = YES;
				CLANG_WARN_BLOCK_CAPTURE_AUTORELEASING = YES;
				CLANG_WARN_BOOL_CONVERSION = YES;
				CLANG_WARN_COMMA = YES;
				CLANG_WARN_CONSTANT_CONVERSION = YES;
				CLANG_WARN_DEPRECATED_OBJC_IMPLEMENTATIONS = YES;
				CLANG_WARN_DIRECT_OBJC_ISA_USAGE = YES_ERROR;
				CLANG_WARN_DOCUMENTATION_COMMENTS = YES;
				CLANG_WARN_EMPTY_BODY = YES;
				CLANG_WARN_ENUM_CONVERSION = YES;
				CLANG_WARN_INFINITE_RECURSION = YES;
				CLANG_WARN_INT_CONVERSION = YES;
				CLANG_WARN_NON_LITERAL_NULL_CONVERSION = YES;
				CLANG_WARN_OBJC_IMPLICIT_RETAIN_SELF = YES;
				CLANG_WARN_OBJC_LITERAL_CONVERSION = YES;
				CLANG_WARN_OBJC_ROOT_CLASS = YES_ERROR;
				CLANG_WARN_RANGE_LOOP_ANALYSIS = YES;
				CLANG_WARN_STRICT_PROTOTYPES = YES;
				CLANG_WARN_SUSPICIOUS_MOVE = YES;
				CLANG_WARN_UNGUARDED_AVAILABILITY = YES_AGGRESSIVE;
				CLANG_WARN_UNREACHABLE_CODE = YES;
				CLANG_WARN__DUPLICATE_METHOD_MATCH = YES;
				CODE_SIGN_IDENTITY = "iPhone Developer";
				COPY_PHASE_STRIP = NO;
				DEBUG_INFORMATION_FORMAT = dwarf;
				ENABLE_STRICT_OBJC_MSGSEND = YES;
				ENABLE_TESTABILITY = YES;
				GCC_C_LANGUAGE_STANDARD = gnu11;
				GCC_DYNAMIC_NO_PIC = NO;
				GCC_NO_COMMON_BLOCKS = YES;
				GCC_OPTIMIZATION_LEVEL = 0;
				GCC_PREPROCESSOR_DEFINITIONS = (
					"DEBUG=1",
					"$(inherited)",
				);
				GCC_WARN_64_TO_32_BIT_CONVERSION = YES;
				GCC_WARN_ABOUT_RETURN_TYPE = YES_ERROR;
				GCC_WARN_UNDECLARED_SELECTOR = YES;
				GCC_WARN_UNINITIALIZED_AUTOS = YES_AGGRESSIVE;
				GCC_WARN_UNUSED_FUNCTION = YES;
				GCC_WARN_UNUSED_VARIABLE = YES;
				IPHONEOS_DEPLOYMENT_TARGET = 11.2;
				MTL_ENABLE_DEBUG_INFO = YES;
				ONLY_ACTIVE_ARCH = YES;
				SDKROOT = iphoneos;
				SWIFT_ACTIVE_COMPILATION_CONDITIONS = DEBUG;
				SWIFT_OPTIMIZATION_LEVEL = "-Onone";
			};
			name = Debug;
		};
		F42455B9207FF56A00D26212 /* Release */ = {
			isa = XCBuildConfiguration;
			buildSettings = {
				ALWAYS_SEARCH_USER_PATHS = NO;
				CLANG_ANALYZER_NONNULL = YES;
				CLANG_ANALYZER_NUMBER_OBJECT_CONVERSION = YES_AGGRESSIVE;
				CLANG_CXX_LANGUAGE_STANDARD = "gnu++14";
				CLANG_CXX_LIBRARY = "libc++";
				CLANG_ENABLE_MODULES = YES;
				CLANG_ENABLE_OBJC_ARC = YES;
				CLANG_WARN_BLOCK_CAPTURE_AUTORELEASING = YES;
				CLANG_WARN_BOOL_CONVERSION = YES;
				CLANG_WARN_COMMA = YES;
				CLANG_WARN_CONSTANT_CONVERSION = YES;
				CLANG_WARN_DEPRECATED_OBJC_IMPLEMENTATIONS = YES;
				CLANG_WARN_DIRECT_OBJC_ISA_USAGE = YES_ERROR;
				CLANG_WARN_DOCUMENTATION_COMMENTS = YES;
				CLANG_WARN_EMPTY_BODY = YES;
				CLANG_WARN_ENUM_CONVERSION = YES;
				CLANG_WARN_INFINITE_RECURSION = YES;
				CLANG_WARN_INT_CONVERSION = YES;
				CLANG_WARN_NON_LITERAL_NULL_CONVERSION = YES;
				CLANG_WARN_OBJC_IMPLICIT_RETAIN_SELF = YES;
				CLANG_WARN_OBJC_LITERAL_CONVERSION = YES;
				CLANG_WARN_OBJC_ROOT_CLASS = YES_ERROR;
				CLANG_WARN_RANGE_LOOP_ANALYSIS = YES;
				CLANG_WARN_STRICT_PROTOTYPES = YES;
				CLANG_WARN_SUSPICIOUS_MOVE = YES;
				CLANG_WARN_UNGUARDED_AVAILABILITY = YES_AGGRESSIVE;
				CLANG_WARN_UNREACHABLE_CODE = YES;
				CLANG_WARN__DUPLICATE_METHOD_MATCH = YES;
				CODE_SIGN_IDENTITY = "iPhone Developer";
				COPY_PHASE_STRIP = NO;
				DEBUG_INFORMATION_FORMAT = "dwarf-with-dsym";
				ENABLE_NS_ASSERTIONS = NO;
				ENABLE_STRICT_OBJC_MSGSEND = YES;
				GCC_C_LANGUAGE_STANDARD = gnu11;
				GCC_NO_COMMON_BLOCKS = YES;
				GCC_WARN_64_TO_32_BIT_CONVERSION = YES;
				GCC_WARN_ABOUT_RETURN_TYPE = YES_ERROR;
				GCC_WARN_UNDECLARED_SELECTOR = YES;
				GCC_WARN_UNINITIALIZED_AUTOS = YES_AGGRESSIVE;
				GCC_WARN_UNUSED_FUNCTION = YES;
				GCC_WARN_UNUSED_VARIABLE = YES;
				IPHONEOS_DEPLOYMENT_TARGET = 11.2;
				MTL_ENABLE_DEBUG_INFO = NO;
				SDKROOT = iphoneos;
				SWIFT_OPTIMIZATION_LEVEL = "-Owholemodule";
				VALIDATE_PRODUCT = YES;
			};
			name = Release;
		};
		F42455BB207FF56A00D26212 /* Debug */ = {
			isa = XCBuildConfiguration;
			buildSettings = {
				ASSETCATALOG_COMPILER_APPICON_NAME = AppIcon;
				CODE_SIGN_STYLE = Automatic;
				INFOPLIST_FILE = Salman01/Info.plist;
				LD_RUNPATH_SEARCH_PATHS = "$(inherited) @executable_path/Frameworks";
				PRODUCT_BUNDLE_IDENTIFIER = Dreams.Salman01;
				PRODUCT_NAME = "$(TARGET_NAME)";
				SWIFT_VERSION = 4.0;
				TARGETED_DEVICE_FAMILY = "1,2";
			};
			name = Debug;
		};
		F42455BC207FF56A00D26212 /* Release */ = {
			isa = XCBuildConfiguration;
			buildSettings = {
				ASSETCATALOG_COMPILER_APPICON_NAME = AppIcon;
				CODE_SIGN_STYLE = Automatic;
				INFOPLIST_FILE = Salman01/Info.plist;
				LD_RUNPATH_SEARCH_PATHS = "$(inherited) @executable_path/Frameworks";
				PRODUCT_BUNDLE_IDENTIFIER = Dreams.Salman01;
				PRODUCT_NAME = "$(TARGET_NAME)";
				SWIFT_VERSION = 4.0;
				TARGETED_DEVICE_FAMILY = "1,2";
			};
			name = Release;
		};
		F42455BE207FF56A00D26212 /* Debug */ = {
			isa = XCBuildConfiguration;
			buildSettings = {
				ALWAYS_EMBED_SWIFT_STANDARD_LIBRARIES = YES;
				BUNDLE_LOADER = "$(TEST_HOST)";
				CODE_SIGN_STYLE = Automatic;
				INFOPLIST_FILE = Salman01Tests/Info.plist;
				LD_RUNPATH_SEARCH_PATHS = "$(inherited) @executable_path/Frameworks @loader_path/Frameworks";
				PRODUCT_BUNDLE_IDENTIFIER = Dreams.Salman01Tests;
				PRODUCT_NAME = "$(TARGET_NAME)";
				SWIFT_VERSION = 4.0;
				TARGETED_DEVICE_FAMILY = "1,2";
				TEST_HOST = "$(BUILT_PRODUCTS_DIR)/Salman01.app/Salman01";
			};
			name = Debug;
		};
		F42455BF207FF56A00D26212 /* Release */ = {
			isa = XCBuildConfiguration;
			buildSettings = {
				ALWAYS_EMBED_SWIFT_STANDARD_LIBRARIES = YES;
				BUNDLE_LOADER = "$(TEST_HOST)";
				CODE_SIGN_STYLE = Automatic;
				INFOPLIST_FILE = Salman01Tests/Info.plist;
				LD_RUNPATH_SEARCH_PATHS = "$(inherited) @executable_path/Frameworks @loader_path/Frameworks";
				PRODUCT_BUNDLE_IDENTIFIER = Dreams.Salman01Tests;
				PRODUCT_NAME = "$(TARGET_NAME)";
				SWIFT_VERSION = 4.0;
				TARGETED_DEVICE_FAMILY = "1,2";
				TEST_HOST = "$(BUILT_PRODUCTS_DIR)/Salman01.app/Salman01";
			};
			name = Release;
		};
		F42455C1207FF56A00D26212 /* Debug */ = {
			isa = XCBuildConfiguration;
			buildSettings = {
				ALWAYS_EMBED_SWIFT_STANDARD_LIBRARIES = YES;
				CODE_SIGN_STYLE = Automatic;
				INFOPLIST_FILE = Salman01UITests/Info.plist;
				LD_RUNPATH_SEARCH_PATHS = "$(inherited) @executable_path/Frameworks @loader_path/Frameworks";
				PRODUCT_BUNDLE_IDENTIFIER = Dreams.Salman01UITests;
				PRODUCT_NAME = "$(TARGET_NAME)";
				SWIFT_VERSION = 4.0;
				TARGETED_DEVICE_FAMILY = "1,2";
				TEST_TARGET_NAME = Salman01;
			};
			name = Debug;
		};
		F42455C2207FF56A00D26212 /* Release */ = {
			isa = XCBuildConfiguration;
			buildSettings = {
				ALWAYS_EMBED_SWIFT_STANDARD_LIBRARIES = YES;
				CODE_SIGN_STYLE = Automatic;
				INFOPLIST_FILE = Salman01UITests/Info.plist;
				LD_RUNPATH_SEARCH_PATHS = "$(inherited) @executable_path/Frameworks @loader_path/Frameworks";
				PRODUCT_BUNDLE_IDENTIFIER = Dreams.Salman01UITests;
				PRODUCT_NAME = "$(TARGET_NAME)";
				SWIFT_VERSION = 4.0;
				TARGETED_DEVICE_FAMILY = "1,2";
				TEST_TARGET_NAME = Salman01;
			};
			name = Release;
		};
/* End XCBuildConfiguration section */

/* Begin XCConfigurationList section */
		F424558D207FF56A00D26212 /* Build configuration list for PBXProject "Salman01" */ = {
			isa = XCConfigurationList;
			buildConfigurations = (
				F42455B8207FF56A00D26212 /* Debug */,
				F42455B9207FF56A00D26212 /* Release */,
			);
			defaultConfigurationIsVisible = 0;
			defaultConfigurationName = Release;
		};
		F42455BA207FF56A00D26212 /* Build configuration list for PBXNativeTarget "Salman01" */ = {
			isa = XCConfigurationList;
			buildConfigurations = (
				F42455BB207FF56A00D26212 /* Debug */,
				F42455BC207FF56A00D26212 /* Release */,
			);
			defaultConfigurationIsVisible = 0;
			defaultConfigurationName = Release;
		};
		F42455BD207FF56A00D26212 /* Build configuration list for PBXNativeTarget "Salman01Tests" */ = {
			isa = XCConfigurationList;
			buildConfigurations = (
				F42455BE207FF56A00D26212 /* Debug */,
				F42455BF207FF56A00D26212 /* Release */,
			);
			defaultConfigurationIsVisible = 0;
			defaultConfigurationName = Release;
		};
		F42455C0207FF56A00D26212 /* Build configuration list for PBXNativeTarget "Salman01UITests" */ = {
			isa = XCConfigurationList;
			buildConfigurations = (
				F42455C1207FF56A00D26212 /* Debug */,
				F42455C2207FF56A00D26212 /* Release */,
			);
			defaultConfigurationIsVisible = 0;
			defaultConfigurationName = Release;
		};
/* End XCConfigurationList section */
	};
	rootObject = F424558A207FF56A00D26212 /* Project object */;
}
